PODS:
  - Alamofire (4.5.0)
  - Former (1.5.1)
  - SwiftyJSON (3.1.4)

DEPENDENCIES:
  - Alamofire
  - Former
  - SwiftyJSON

SPEC CHECKSUMS:
  Alamofire: f28cdffd29de33a7bfa022cbd63ae95a27fae140
  Former: 0b48a812c0d93b092b908d1b0574d0fd95c6b6f9
  SwiftyJSON: c2842d878f95482ffceec5709abc3d05680c0220

PODFILE CHECKSUM: c862d16a1d81a8426f6740c9e2137e881dfcd2ff

COCOAPODS: 1.2.0
