PODS:
  - Alamofire (4.5.0)
  - Alamofire-Synchronous (4.0.0):
    - Alamofire (~> 4.0)
  - Bolts (1.8.4):
    - Bolts/AppLinks (= 1.8.4)
    - Bolts/Tasks (= 1.8.4)
  - Bolts/AppLinks (1.8.4):
    - Bolts/Tasks
  - Bolts/Tasks (1.8.4)
  - DZNEmptyDataSet (1.8.1)
  - FBSDKCoreKit (4.23.0):
    - Bolts (~> 1.7)
  - FBSDKLoginKit (4.23.0):
    - FBSDKCoreKit
  - Former (1.5.1)
  - KVSpinnerView (1.0.1)
  - SDWebImage (3.8.2):
    - SDWebImage/Core (= 3.8.2)
  - SDWebImage/Core (3.8.2)
  - SwiftGen (4.2.1)
  - SwiftyJSON (3.1.4)

DEPENDENCIES:
  - Alamofire
  - Alamofire-Synchronous
  - DZNEmptyDataSet
  - FBSDKCoreKit
  - FBSDKLoginKit
  - Former
  - KVSpinnerView
  - SDWebImage (~> 3.8)
  - SwiftGen
  - SwiftyJSON

SPEC CHECKSUMS:
  Alamofire: f28cdffd29de33a7bfa022cbd63ae95a27fae140
  Alamofire-Synchronous: eedf1e6e961c3795a63c74990b3f7d9fbfac7e50
  Bolts: 8a7995239dbe724f9cba2248b766d48b7ebdd322
  DZNEmptyDataSet: 9525833b9e68ac21c30253e1d3d7076cc828eaa7
  FBSDKCoreKit: d7829f5a69901cd7296105328e4c3c3fc7da6518
  FBSDKLoginKit: 6b92bd65f319d669d2b0730e49db495ef1660566
  Former: 0b48a812c0d93b092b908d1b0574d0fd95c6b6f9
  KVSpinnerView: ce89cec80a5776ba4639c312770f01c8a091e80a
  SDWebImage: 098e97e6176540799c27e804c96653ee0833d13c
  SwiftGen: 2ba2a88fc6130b96e38e2baa0029e4bd222ffd85
  SwiftyJSON: c2842d878f95482ffceec5709abc3d05680c0220

PODFILE CHECKSUM: 5eea3d7fdb950a7fa8b5cec59a0c8b6d580f6e90

COCOAPODS: 1.2.1
