// !$*UTF8*$!
{
	archiveVersion = 1;
	classes = {
	};
	objectVersion = 46;
	objects = {

/* Begin PBXBuildFile section */
		493A5EA51F00FAF6007D5CA9 /* RoundedBorderTextField.swift in Sources */ = {isa = PBXBuildFile; fileRef = 493A5EA41F00FAF6007D5CA9 /* RoundedBorderTextField.swift */; };
		4990274E1F01125200D941A7 /* Extensions.swift in Sources */ = {isa = PBXBuildFile; fileRef = 4990274D1F01125200D941A7 /* Extensions.swift */; };
		499027501F0113F000D941A7 /* RegistrationViewController.swift in Sources */ = {isa = PBXBuildFile; fileRef = 4990274F1F0113F000D941A7 /* RegistrationViewController.swift */; };
		499027521F01140700D941A7 /* Registration.storyboard in Resources */ = {isa = PBXBuildFile; fileRef = 499027511F01140700D941A7 /* Registration.storyboard */; };
		49EC6A421F00EF5A0071EE12 /* LoginViewController.swift in Sources */ = {isa = PBXBuildFile; fileRef = 49EC6A411F00EF5A0071EE12 /* LoginViewController.swift */; };
		49EC6A461F00F2090071EE12 /* Login.storyboard in Resources */ = {isa = PBXBuildFile; fileRef = 49EC6A451F00F2090071EE12 /* Login.storyboard */; };
		49EC6A4B1F00F75B0071EE12 /* RoundedBorderButton.swift in Sources */ = {isa = PBXBuildFile; fileRef = 49EC6A4A1F00F75B0071EE12 /* RoundedBorderButton.swift */; };
		550EF2B41F03928C00F94A8C /* LessonsService.swift in Sources */ = {isa = PBXBuildFile; fileRef = 550EF2B31F03928C00F94A8C /* LessonsService.swift */; };
		551093B31F01624500E44A07 /* UniversitiesRepository.swift in Sources */ = {isa = PBXBuildFile; fileRef = 551093B21F01624400E44A07 /* UniversitiesRepository.swift */; };
		551093B51F01626200E44A07 /* University.swift in Sources */ = {isa = PBXBuildFile; fileRef = 551093B41F01626200E44A07 /* University.swift */; };
		551093BA1F0162B400E44A07 /* UniversitiesRepoImpl.swift in Sources */ = {isa = PBXBuildFile; fileRef = 551093B91F0162B400E44A07 /* UniversitiesRepoImpl.swift */; };
		551093BC1F01793000E44A07 /* DataResponse.swift in Sources */ = {isa = PBXBuildFile; fileRef = 551093BB1F01793000E44A07 /* DataResponse.swift */; };
		551093BF1F02967200E44A07 /* UniversitiesServices.swift in Sources */ = {isa = PBXBuildFile; fileRef = 551093BE1F02967200E44A07 /* UniversitiesServices.swift */; };
		551093C31F0389B800E44A07 /* Addresses.swift in Sources */ = {isa = PBXBuildFile; fileRef = 551093C21F0389B800E44A07 /* Addresses.swift */; };
		558C9AB91F00ECF400930655 /* AppDelegate.swift in Sources */ = {isa = PBXBuildFile; fileRef = 558C9AB61F00ECF400930655 /* AppDelegate.swift */; };
		558C9ABA1F00ECF400930655 /* TabBarController.swift in Sources */ = {isa = PBXBuildFile; fileRef = 558C9AB81F00ECF400930655 /* TabBarController.swift */; };
		558C9ABD1F00EE0600930655 /* AuthenticationManager.swift in Sources */ = {isa = PBXBuildFile; fileRef = 558C9ABC1F00EE0600930655 /* AuthenticationManager.swift */; };
		558C9ABF1F00EEDD00930655 /* AuthenticationProtocol.swift in Sources */ = {isa = PBXBuildFile; fileRef = 558C9ABE1F00EEDD00930655 /* AuthenticationProtocol.swift */; };
		558C9AC11F00EFB800930655 /* AuthService.swift in Sources */ = {isa = PBXBuildFile; fileRef = 558C9AC01F00EFB800930655 /* AuthService.swift */; };
		558C9AC31F00F02F00930655 /* FacebookService.swift in Sources */ = {isa = PBXBuildFile; fileRef = 558C9AC21F00F02F00930655 /* FacebookService.swift */; };
		558C9AC51F00F22D00930655 /* BaseService.swift in Sources */ = {isa = PBXBuildFile; fileRef = 558C9AC41F00F22D00930655 /* BaseService.swift */; };
		558C9ADD1F00FE7F00930655 /* AuthResponse.swift in Sources */ = {isa = PBXBuildFile; fileRef = 558C9ADC1F00FE7F00930655 /* AuthResponse.swift */; };
		558C9AF71F01041C00930655 /* UsersRepository.swift in Sources */ = {isa = PBXBuildFile; fileRef = 558C9AF61F01041C00930655 /* UsersRepository.swift */; };
		558C9AF91F01043600930655 /* User.swift in Sources */ = {isa = PBXBuildFile; fileRef = 558C9AF81F01043600930655 /* User.swift */; };
		558C9AFB1F0104AA00930655 /* UsersInMemoryRepo.swift in Sources */ = {isa = PBXBuildFile; fileRef = 558C9AFA1F0104AA00930655 /* UsersInMemoryRepo.swift */; };
		558C9AFD1F01054F00930655 /* RepositoryFactory.swift in Sources */ = {isa = PBXBuildFile; fileRef = 558C9AFC1F01054F00930655 /* RepositoryFactory.swift */; };
		558C9AFF1F01304E00930655 /* RestCapable.swift in Sources */ = {isa = PBXBuildFile; fileRef = 558C9AFE1F01304E00930655 /* RestCapable.swift */; };
		558C9B021F01329300930655 /* UserService.swift in Sources */ = {isa = PBXBuildFile; fileRef = 558C9B011F01329300930655 /* UserService.swift */; };
		558C9B041F01395900930655 /* LessonsRepository.swift in Sources */ = {isa = PBXBuildFile; fileRef = 558C9B031F01395900930655 /* LessonsRepository.swift */; };
		558C9B061F01397000930655 /* Lesson.swift in Sources */ = {isa = PBXBuildFile; fileRef = 558C9B051F01397000930655 /* Lesson.swift */; };
		558C9B081F013C7700930655 /* LessonsInMemoryDatasource.swift in Sources */ = {isa = PBXBuildFile; fileRef = 558C9B071F013C7700930655 /* LessonsInMemoryDatasource.swift */; };
		558C9B0A1F013CD700930655 /* LessonsRepoImpl.swift in Sources */ = {isa = PBXBuildFile; fileRef = 558C9B091F013CD700930655 /* LessonsRepoImpl.swift */; };
		558C9B0C1F01477800930655 /* LessonsRestDatasource.swift in Sources */ = {isa = PBXBuildFile; fileRef = 558C9B0B1F01477800930655 /* LessonsRestDatasource.swift */; };
		654EC6A31F02536300E930BC /* String.swift in Sources */ = {isa = PBXBuildFile; fileRef = 654EC6A21F02536300E930BC /* String.swift */; };
		654F010C1F00FF1C0002D171 /* BaseView.swift in Sources */ = {isa = PBXBuildFile; fileRef = 654F010B1F00FF1C0002D171 /* BaseView.swift */; };
		654F01171F010D7C0002D171 /* LoginPresenter.swift in Sources */ = {isa = PBXBuildFile; fileRef = 654F01151F010D7C0002D171 /* LoginPresenter.swift */; };
		654F01181F010D7C0002D171 /* LoginView.swift in Sources */ = {isa = PBXBuildFile; fileRef = 654F01161F010D7C0002D171 /* LoginView.swift */; };
		654F011A1F010EC20002D171 /* RegistrationPresenter.swift in Sources */ = {isa = PBXBuildFile; fileRef = 654F01191F010EC20002D171 /* RegistrationPresenter.swift */; };
		654F011C1F010EE60002D171 /* RegistrationView.swift in Sources */ = {isa = PBXBuildFile; fileRef = 654F011B1F010EE60002D171 /* RegistrationView.swift */; };
		65914E0D1F013AF100FD1EB0 /* News.swift in Sources */ = {isa = PBXBuildFile; fileRef = 65914E0C1F013AF100FD1EB0 /* News.swift */; };
		65914E0F1F013B2800FD1EB0 /* NewsRepository.swift in Sources */ = {isa = PBXBuildFile; fileRef = 65914E0E1F013B2800FD1EB0 /* NewsRepository.swift */; };
		65914E111F013B5400FD1EB0 /* NewsInMemoryDatasource.swift in Sources */ = {isa = PBXBuildFile; fileRef = 65914E101F013B5400FD1EB0 /* NewsInMemoryDatasource.swift */; };
		65914E131F01423000FD1EB0 /* NewsRepositoryImpl.swift in Sources */ = {isa = PBXBuildFile; fileRef = 65914E121F01423000FD1EB0 /* NewsRepositoryImpl.swift */; };
		65914E161F015DC400FD1EB0 /* Localizable.strings in Resources */ = {isa = PBXBuildFile; fileRef = 65914E151F015DC400FD1EB0 /* Localizable.strings */; };
		65C6E24F1F038F6B002F9E7F /* NewsPresenter.swift in Sources */ = {isa = PBXBuildFile; fileRef = 65C6E24E1F038F6B002F9E7F /* NewsPresenter.swift */; };
		65C6E2511F038FA6002F9E7F /* NewsView.swift in Sources */ = {isa = PBXBuildFile; fileRef = 65C6E2501F038FA6002F9E7F /* NewsView.swift */; };
		65C6E2531F03966D002F9E7F /* NewsRestDatasource.swift in Sources */ = {isa = PBXBuildFile; fileRef = 65C6E2521F03966D002F9E7F /* NewsRestDatasource.swift */; };
		65E66C3E1F00EA8D002F87A5 /* Main.storyboard in Resources */ = {isa = PBXBuildFile; fileRef = 65E66C3C1F00EA8D002F87A5 /* Main.storyboard */; };
		65E66C411F00EA8D002F87A5 /* InUniPn.xcdatamodeld in Sources */ = {isa = PBXBuildFile; fileRef = 65E66C3F1F00EA8D002F87A5 /* InUniPn.xcdatamodeld */; };
		65E66C431F00EA8D002F87A5 /* Assets.xcassets in Resources */ = {isa = PBXBuildFile; fileRef = 65E66C421F00EA8D002F87A5 /* Assets.xcassets */; };
		65E66C461F00EA8D002F87A5 /* LaunchScreen.storyboard in Resources */ = {isa = PBXBuildFile; fileRef = 65E66C441F00EA8D002F87A5 /* LaunchScreen.storyboard */; };
		65E66C501F00EF87002F87A5 /* BasePresenter.swift in Sources */ = {isa = PBXBuildFile; fileRef = 65E66C4F1F00EF87002F87A5 /* BasePresenter.swift */; };
		8916FFC2C9DE068B116FCFCA /* Pods_InUniPn.framework in Frameworks */ = {isa = PBXBuildFile; fileRef = F4F7758E589AF4AACCB16658 /* Pods_InUniPn.framework */; };
		9B0FC28F1F0149CD000815BB /* Lessons.storyboard in Resources */ = {isa = PBXBuildFile; fileRef = 9B0FC28E1F0149CD000815BB /* Lessons.storyboard */; };
		9B0FC2911F014B6C000815BB /* LessonsViewController.swift in Sources */ = {isa = PBXBuildFile; fileRef = 9B0FC2901F014B6C000815BB /* LessonsViewController.swift */; };
		9BC3E5F21F03961200BF6548 /* News.storyboard in Resources */ = {isa = PBXBuildFile; fileRef = 9BC3E5F11F03961200BF6548 /* News.storyboard */; };
		9BC3E5F41F03964700BF6548 /* NewsViewController.swift in Sources */ = {isa = PBXBuildFile; fileRef = 9BC3E5F31F03964700BF6548 /* NewsViewController.swift */; };

		9BC3E5F61F039F6B00BF6548 /* TabBarController.swift in Sources */ = {isa = PBXBuildFile; fileRef = 9BC3E5F51F039F6B00BF6548 /* TabBarController.swift */; };
		9BC3E5F81F03A00400BF6548 /* Profile.storyboard in Resources */ = {isa = PBXBuildFile; fileRef = 9BC3E5F71F03A00400BF6548 /* Profile.storyboard */; };
		9BC3E5FA1F03A02600BF6548 /* ProfileViewController.swift in Sources */ = {isa = PBXBuildFile; fileRef = 9BC3E5F91F03A02600BF6548 /* ProfileViewController.swift */; };

/* End PBXBuildFile section */

/* Begin PBXFileReference section */
		493A5EA41F00FAF6007D5CA9 /* RoundedBorderTextField.swift */ = {isa = PBXFileReference; fileEncoding = 4; lastKnownFileType = sourcecode.swift; name = RoundedBorderTextField.swift; path = Designables/RoundedBorderTextField.swift; sourceTree = "<group>"; };
		4990274D1F01125200D941A7 /* Extensions.swift */ = {isa = PBXFileReference; fileEncoding = 4; lastKnownFileType = sourcecode.swift; path = Extensions.swift; sourceTree = "<group>"; };
		4990274F1F0113F000D941A7 /* RegistrationViewController.swift */ = {isa = PBXFileReference; fileEncoding = 4; lastKnownFileType = sourcecode.swift; path = RegistrationViewController.swift; sourceTree = "<group>"; };
		499027511F01140700D941A7 /* Registration.storyboard */ = {isa = PBXFileReference; fileEncoding = 4; lastKnownFileType = file.storyboard; path = Registration.storyboard; sourceTree = "<group>"; };
		49EC6A411F00EF5A0071EE12 /* LoginViewController.swift */ = {isa = PBXFileReference; fileEncoding = 4; lastKnownFileType = sourcecode.swift; name = LoginViewController.swift; path = Login/LoginViewController.swift; sourceTree = "<group>"; };
		49EC6A451F00F2090071EE12 /* Login.storyboard */ = {isa = PBXFileReference; fileEncoding = 4; lastKnownFileType = file.storyboard; name = Login.storyboard; path = Login/Login.storyboard; sourceTree = "<group>"; };
		49EC6A4A1F00F75B0071EE12 /* RoundedBorderButton.swift */ = {isa = PBXFileReference; fileEncoding = 4; lastKnownFileType = sourcecode.swift; name = RoundedBorderButton.swift; path = Designables/RoundedBorderButton.swift; sourceTree = "<group>"; };
		550EF2B31F03928C00F94A8C /* LessonsService.swift */ = {isa = PBXFileReference; fileEncoding = 4; lastKnownFileType = sourcecode.swift; path = LessonsService.swift; sourceTree = "<group>"; };
		551093B21F01624400E44A07 /* UniversitiesRepository.swift */ = {isa = PBXFileReference; fileEncoding = 4; lastKnownFileType = sourcecode.swift; path = UniversitiesRepository.swift; sourceTree = "<group>"; };
		551093B41F01626200E44A07 /* University.swift */ = {isa = PBXFileReference; fileEncoding = 4; lastKnownFileType = sourcecode.swift; path = University.swift; sourceTree = "<group>"; };
		551093B91F0162B400E44A07 /* UniversitiesRepoImpl.swift */ = {isa = PBXFileReference; fileEncoding = 4; lastKnownFileType = sourcecode.swift; path = UniversitiesRepoImpl.swift; sourceTree = "<group>"; };
		551093BB1F01793000E44A07 /* DataResponse.swift */ = {isa = PBXFileReference; fileEncoding = 4; lastKnownFileType = sourcecode.swift; path = DataResponse.swift; sourceTree = "<group>"; };
		551093BE1F02967200E44A07 /* UniversitiesServices.swift */ = {isa = PBXFileReference; fileEncoding = 4; lastKnownFileType = sourcecode.swift; path = UniversitiesServices.swift; sourceTree = "<group>"; };
		551093C21F0389B800E44A07 /* Addresses.swift */ = {isa = PBXFileReference; fileEncoding = 4; lastKnownFileType = sourcecode.swift; path = Addresses.swift; sourceTree = "<group>"; };
		558C9AB61F00ECF400930655 /* AppDelegate.swift */ = {isa = PBXFileReference; fileEncoding = 4; lastKnownFileType = sourcecode.swift; path = AppDelegate.swift; sourceTree = "<group>"; };
		558C9AB81F00ECF400930655 /* TabBarController.swift */ = {isa = PBXFileReference; fileEncoding = 4; lastKnownFileType = sourcecode.swift; path = TabBarController.swift; sourceTree = "<group>"; };
		558C9ABC1F00EE0600930655 /* AuthenticationManager.swift */ = {isa = PBXFileReference; fileEncoding = 4; lastKnownFileType = sourcecode.swift; path = AuthenticationManager.swift; sourceTree = "<group>"; };
		558C9ABE1F00EEDD00930655 /* AuthenticationProtocol.swift */ = {isa = PBXFileReference; fileEncoding = 4; lastKnownFileType = sourcecode.swift; path = AuthenticationProtocol.swift; sourceTree = "<group>"; };
		558C9AC01F00EFB800930655 /* AuthService.swift */ = {isa = PBXFileReference; fileEncoding = 4; lastKnownFileType = sourcecode.swift; path = AuthService.swift; sourceTree = "<group>"; };
		558C9AC21F00F02F00930655 /* FacebookService.swift */ = {isa = PBXFileReference; fileEncoding = 4; lastKnownFileType = sourcecode.swift; path = FacebookService.swift; sourceTree = "<group>"; };
		558C9AC41F00F22D00930655 /* BaseService.swift */ = {isa = PBXFileReference; fileEncoding = 4; lastKnownFileType = sourcecode.swift; path = BaseService.swift; sourceTree = "<group>"; };
		558C9ADC1F00FE7F00930655 /* AuthResponse.swift */ = {isa = PBXFileReference; fileEncoding = 4; lastKnownFileType = sourcecode.swift; path = AuthResponse.swift; sourceTree = "<group>"; };
		558C9AF61F01041C00930655 /* UsersRepository.swift */ = {isa = PBXFileReference; fileEncoding = 4; lastKnownFileType = sourcecode.swift; path = UsersRepository.swift; sourceTree = "<group>"; };
		558C9AF81F01043600930655 /* User.swift */ = {isa = PBXFileReference; fileEncoding = 4; lastKnownFileType = sourcecode.swift; path = User.swift; sourceTree = "<group>"; };
		558C9AFA1F0104AA00930655 /* UsersInMemoryRepo.swift */ = {isa = PBXFileReference; fileEncoding = 4; lastKnownFileType = sourcecode.swift; path = UsersInMemoryRepo.swift; sourceTree = "<group>"; };
		558C9AFC1F01054F00930655 /* RepositoryFactory.swift */ = {isa = PBXFileReference; fileEncoding = 4; lastKnownFileType = sourcecode.swift; path = RepositoryFactory.swift; sourceTree = "<group>"; };
		558C9AFE1F01304E00930655 /* RestCapable.swift */ = {isa = PBXFileReference; fileEncoding = 4; lastKnownFileType = sourcecode.swift; path = RestCapable.swift; sourceTree = "<group>"; };
		558C9B011F01329300930655 /* UserService.swift */ = {isa = PBXFileReference; fileEncoding = 4; lastKnownFileType = sourcecode.swift; path = UserService.swift; sourceTree = "<group>"; };
		558C9B031F01395900930655 /* LessonsRepository.swift */ = {isa = PBXFileReference; fileEncoding = 4; lastKnownFileType = sourcecode.swift; path = LessonsRepository.swift; sourceTree = "<group>"; };
		558C9B051F01397000930655 /* Lesson.swift */ = {isa = PBXFileReference; fileEncoding = 4; lastKnownFileType = sourcecode.swift; path = Lesson.swift; sourceTree = "<group>"; };
		558C9B071F013C7700930655 /* LessonsInMemoryDatasource.swift */ = {isa = PBXFileReference; fileEncoding = 4; lastKnownFileType = sourcecode.swift; path = LessonsInMemoryDatasource.swift; sourceTree = "<group>"; };
		558C9B091F013CD700930655 /* LessonsRepoImpl.swift */ = {isa = PBXFileReference; fileEncoding = 4; lastKnownFileType = sourcecode.swift; path = LessonsRepoImpl.swift; sourceTree = "<group>"; };
		558C9B0B1F01477800930655 /* LessonsRestDatasource.swift */ = {isa = PBXFileReference; fileEncoding = 4; lastKnownFileType = sourcecode.swift; path = LessonsRestDatasource.swift; sourceTree = "<group>"; };
		654EC6A21F02536300E930BC /* String.swift */ = {isa = PBXFileReference; fileEncoding = 4; lastKnownFileType = sourcecode.swift; path = String.swift; sourceTree = "<group>"; };
		654F010B1F00FF1C0002D171 /* BaseView.swift */ = {isa = PBXFileReference; fileEncoding = 4; lastKnownFileType = sourcecode.swift; path = BaseView.swift; sourceTree = "<group>"; };
		654F01151F010D7C0002D171 /* LoginPresenter.swift */ = {isa = PBXFileReference; fileEncoding = 4; lastKnownFileType = sourcecode.swift; name = LoginPresenter.swift; path = Login/LoginPresenter.swift; sourceTree = "<group>"; };
		654F01161F010D7C0002D171 /* LoginView.swift */ = {isa = PBXFileReference; fileEncoding = 4; lastKnownFileType = sourcecode.swift; name = LoginView.swift; path = Login/LoginView.swift; sourceTree = "<group>"; };
		654F01191F010EC20002D171 /* RegistrationPresenter.swift */ = {isa = PBXFileReference; fileEncoding = 4; lastKnownFileType = sourcecode.swift; path = RegistrationPresenter.swift; sourceTree = "<group>"; };
		654F011B1F010EE60002D171 /* RegistrationView.swift */ = {isa = PBXFileReference; fileEncoding = 4; lastKnownFileType = sourcecode.swift; path = RegistrationView.swift; sourceTree = "<group>"; };
		65914E0C1F013AF100FD1EB0 /* News.swift */ = {isa = PBXFileReference; fileEncoding = 4; lastKnownFileType = sourcecode.swift; path = News.swift; sourceTree = "<group>"; };
		65914E0E1F013B2800FD1EB0 /* NewsRepository.swift */ = {isa = PBXFileReference; fileEncoding = 4; lastKnownFileType = sourcecode.swift; path = NewsRepository.swift; sourceTree = "<group>"; };
		65914E101F013B5400FD1EB0 /* NewsInMemoryDatasource.swift */ = {isa = PBXFileReference; fileEncoding = 4; lastKnownFileType = sourcecode.swift; path = NewsInMemoryDatasource.swift; sourceTree = "<group>"; };
		65914E121F01423000FD1EB0 /* NewsRepositoryImpl.swift */ = {isa = PBXFileReference; fileEncoding = 4; lastKnownFileType = sourcecode.swift; path = NewsRepositoryImpl.swift; sourceTree = "<group>"; };
		65914E151F015DC400FD1EB0 /* Localizable.strings */ = {isa = PBXFileReference; fileEncoding = 4; lastKnownFileType = text.plist.strings; path = Localizable.strings; sourceTree = "<group>"; };
		65C6E24E1F038F6B002F9E7F /* NewsPresenter.swift */ = {isa = PBXFileReference; fileEncoding = 4; lastKnownFileType = sourcecode.swift; path = NewsPresenter.swift; sourceTree = "<group>"; };
		65C6E2501F038FA6002F9E7F /* NewsView.swift */ = {isa = PBXFileReference; fileEncoding = 4; lastKnownFileType = sourcecode.swift; path = NewsView.swift; sourceTree = "<group>"; };
		65C6E2521F03966D002F9E7F /* NewsRestDatasource.swift */ = {isa = PBXFileReference; fileEncoding = 4; lastKnownFileType = sourcecode.swift; path = NewsRestDatasource.swift; sourceTree = "<group>"; };
		65E66C351F00EA8D002F87A5 /* InUniPn.app */ = {isa = PBXFileReference; explicitFileType = wrapper.application; includeInIndex = 0; path = InUniPn.app; sourceTree = BUILT_PRODUCTS_DIR; };
		65E66C3D1F00EA8D002F87A5 /* Base */ = {isa = PBXFileReference; lastKnownFileType = file.storyboard; name = Base; path = Base.lproj/Main.storyboard; sourceTree = "<group>"; };
		65E66C401F00EA8D002F87A5 /* InUniPn.xcdatamodel */ = {isa = PBXFileReference; lastKnownFileType = wrapper.xcdatamodel; path = InUniPn.xcdatamodel; sourceTree = "<group>"; };
		65E66C421F00EA8D002F87A5 /* Assets.xcassets */ = {isa = PBXFileReference; lastKnownFileType = folder.assetcatalog; path = Assets.xcassets; sourceTree = "<group>"; };
		65E66C451F00EA8D002F87A5 /* Base */ = {isa = PBXFileReference; lastKnownFileType = file.storyboard; name = Base; path = Base.lproj/LaunchScreen.storyboard; sourceTree = "<group>"; };
		65E66C471F00EA8D002F87A5 /* Info.plist */ = {isa = PBXFileReference; lastKnownFileType = text.plist.xml; path = Info.plist; sourceTree = "<group>"; };
		65E66C4F1F00EF87002F87A5 /* BasePresenter.swift */ = {isa = PBXFileReference; fileEncoding = 4; lastKnownFileType = sourcecode.swift; path = BasePresenter.swift; sourceTree = "<group>"; };
		91DA38B91E70341F2C6FB085 /* Pods-InUniPn.release.xcconfig */ = {isa = PBXFileReference; includeInIndex = 1; lastKnownFileType = text.xcconfig; name = "Pods-InUniPn.release.xcconfig"; path = "Pods/Target Support Files/Pods-InUniPn/Pods-InUniPn.release.xcconfig"; sourceTree = "<group>"; };
		9B0FC28E1F0149CD000815BB /* Lessons.storyboard */ = {isa = PBXFileReference; fileEncoding = 4; lastKnownFileType = file.storyboard; path = Lessons.storyboard; sourceTree = "<group>"; };
		9B0FC2901F014B6C000815BB /* LessonsViewController.swift */ = {isa = PBXFileReference; fileEncoding = 4; lastKnownFileType = sourcecode.swift; path = LessonsViewController.swift; sourceTree = "<group>"; };
		9BC3E5F11F03961200BF6548 /* News.storyboard */ = {isa = PBXFileReference; fileEncoding = 4; lastKnownFileType = file.storyboard; path = News.storyboard; sourceTree = "<group>"; };
		9BC3E5F31F03964700BF6548 /* NewsViewController.swift */ = {isa = PBXFileReference; fileEncoding = 4; lastKnownFileType = sourcecode.swift; path = NewsViewController.swift; sourceTree = "<group>"; };

		9BC3E5F51F039F6B00BF6548 /* TabBarController.swift */ = {isa = PBXFileReference; fileEncoding = 4; lastKnownFileType = sourcecode.swift; path = TabBarController.swift; sourceTree = "<group>"; };
		9BC3E5F71F03A00400BF6548 /* Profile.storyboard */ = {isa = PBXFileReference; fileEncoding = 4; lastKnownFileType = file.storyboard; name = Profile.storyboard; path = InUniPn/Classes/UI/Main/Profile.storyboard; sourceTree = SOURCE_ROOT; };
		9BC3E5F91F03A02600BF6548 /* ProfileViewController.swift */ = {isa = PBXFileReference; fileEncoding = 4; lastKnownFileType = sourcecode.swift; name = ProfileViewController.swift; path = InUniPn/Classes/UI/Main/ProfileViewController.swift; sourceTree = SOURCE_ROOT; };

		F4F7758E589AF4AACCB16658 /* Pods_InUniPn.framework */ = {isa = PBXFileReference; explicitFileType = wrapper.framework; includeInIndex = 0; path = Pods_InUniPn.framework; sourceTree = BUILT_PRODUCTS_DIR; };
		F7763DAC718CF35AD301BBF3 /* Pods-InUniPn.debug.xcconfig */ = {isa = PBXFileReference; includeInIndex = 1; lastKnownFileType = text.xcconfig; name = "Pods-InUniPn.debug.xcconfig"; path = "Pods/Target Support Files/Pods-InUniPn/Pods-InUniPn.debug.xcconfig"; sourceTree = "<group>"; };
/* End PBXFileReference section */

/* Begin PBXFrameworksBuildPhase section */
		65E66C321F00EA8D002F87A5 /* Frameworks */ = {
			isa = PBXFrameworksBuildPhase;
			buildActionMask = 2147483647;
			files = (
				8916FFC2C9DE068B116FCFCA /* Pods_InUniPn.framework in Frameworks */,
			);
			runOnlyForDeploymentPostprocessing = 0;
		};
/* End PBXFrameworksBuildPhase section */

/* Begin PBXGroup section */
		49EC6A401F00EF1D0071EE12 /* Login */ = {
			isa = PBXGroup;
			children = (
				654F01151F010D7C0002D171 /* LoginPresenter.swift */,
				654F01161F010D7C0002D171 /* LoginView.swift */,
				49EC6A411F00EF5A0071EE12 /* LoginViewController.swift */,
				49EC6A451F00F2090071EE12 /* Login.storyboard */,
			);
			name = Login;
			sourceTree = "<group>";
		};
		49EC6A491F00F7130071EE12 /* Designables */ = {
			isa = PBXGroup;
			children = (
				49EC6A4A1F00F75B0071EE12 /* RoundedBorderButton.swift */,
				493A5EA41F00FAF6007D5CA9 /* RoundedBorderTextField.swift */,
			);
			name = Designables;
			sourceTree = "<group>";
		};
		4E0188A1AEF7A4D3C6BE18A3 /* Pods */ = {
			isa = PBXGroup;
			children = (
				F7763DAC718CF35AD301BBF3 /* Pods-InUniPn.debug.xcconfig */,
				91DA38B91E70341F2C6FB085 /* Pods-InUniPn.release.xcconfig */,
			);
			name = Pods;
			sourceTree = "<group>";
		};
		551093B11F01623700E44A07 /* Universities */ = {
			isa = PBXGroup;
			children = (
				551093B21F01624400E44A07 /* UniversitiesRepository.swift */,
				551093B91F0162B400E44A07 /* UniversitiesRepoImpl.swift */,
			);
			path = Universities;
			sourceTree = "<group>";
		};
		551093BD1F02966000E44A07 /* Universities */ = {
			isa = PBXGroup;
			children = (
				551093BE1F02967200E44A07 /* UniversitiesServices.swift */,
			);
			path = Universities;
			sourceTree = "<group>";
		};
		558C9AB21F00ECF400930655 /* Classes */ = {
			isa = PBXGroup;
			children = (
				49EC6A491F00F7130071EE12 /* Designables */,
				558C9AB31F00ECF400930655 /* Data */,
				558C9AB41F00ECF400930655 /* Domain */,
				558C9AB51F00ECF400930655 /* UI */,
				4990274D1F01125200D941A7 /* Extensions.swift */,
			);
			path = Classes;
			sourceTree = "<group>";
		};
		558C9AB31F00ECF400930655 /* Data */ = {
			isa = PBXGroup;
			children = (
				551093B11F01623700E44A07 /* Universities */,
				558C9AEA1F01040A00930655 /* Lessons */,
				558C9AEC1F01040A00930655 /* Model */,
				558C9AEE1F01040A00930655 /* News */,
				558C9AF01F01040A00930655 /* Users */,
				558C9AFC1F01054F00930655 /* RepositoryFactory.swift */,
				551093BB1F01793000E44A07 /* DataResponse.swift */,
				551093C21F0389B800E44A07 /* Addresses.swift */,
			);
			path = Data;
			sourceTree = "<group>";
		};
		558C9AB41F00ECF400930655 /* Domain */ = {
			isa = PBXGroup;
			children = (
				551093BD1F02966000E44A07 /* Universities */,
				558C9B001F01328800930655 /* User */,
				558C9AC61F00FA0C00930655 /* Lessons */,
				558C9AC81F00FA0C00930655 /* News */,
				558C9ABB1F00EDFA00930655 /* Auth */,
				558C9AC41F00F22D00930655 /* BaseService.swift */,
				558C9AFE1F01304E00930655 /* RestCapable.swift */,
			);
			path = Domain;
			sourceTree = "<group>";
		};
		558C9AB51F00ECF400930655 /* UI */ = {
			isa = PBXGroup;
			children = (
				49EC6A401F00EF1D0071EE12 /* Login */,
				558C9ACC1F00FA5B00930655 /* Lessons */,
				558C9ACF1F00FA5B00930655 /* News */,
				558C9AD11F00FA5B00930655 /* Profile */,
				558C9AD31F00FA5B00930655 /* Registration */,
				558C9AD51F00FA5B00930655 /* Transports */,
				65E66C4E1F00EF67002F87A5 /* MVP */,
				558C9AB71F00ECF400930655 /* Main */,
				558C9AB61F00ECF400930655 /* AppDelegate.swift */,
			);
			path = UI;
			sourceTree = "<group>";
		};
		558C9AB71F00ECF400930655 /* Main */ = {
			isa = PBXGroup;
			children = (
				558C9AB81F00ECF400930655 /* TabBarController.swift */,
			);
			path = Main;
			sourceTree = "<group>";
		};
		558C9ABB1F00EDFA00930655 /* Auth */ = {
			isa = PBXGroup;
			children = (
				558C9ABC1F00EE0600930655 /* AuthenticationManager.swift */,
				558C9ABE1F00EEDD00930655 /* AuthenticationProtocol.swift */,
				558C9AC01F00EFB800930655 /* AuthService.swift */,
				558C9AC21F00F02F00930655 /* FacebookService.swift */,
				558C9ADC1F00FE7F00930655 /* AuthResponse.swift */,
			);
			path = Auth;
			sourceTree = "<group>";
		};
		558C9AC61F00FA0C00930655 /* Lessons */ = {
			isa = PBXGroup;
			children = (
				550EF2B31F03928C00F94A8C /* LessonsService.swift */,
			);
			path = Lessons;
			sourceTree = "<group>";
		};
		558C9AC81F00FA0C00930655 /* News */ = {
			isa = PBXGroup;
			children = (
			);
			path = News;
			sourceTree = "<group>";
		};
		558C9ACC1F00FA5B00930655 /* Lessons */ = {
			isa = PBXGroup;
			children = (
				9B0FC28E1F0149CD000815BB /* Lessons.storyboard */,
				9B0FC2901F014B6C000815BB /* LessonsViewController.swift */,
			);
			path = Lessons;
			sourceTree = "<group>";
		};
		558C9ACF1F00FA5B00930655 /* News */ = {
			isa = PBXGroup;
			children = (

				65C6E24E1F038F6B002F9E7F /* NewsPresenter.swift */,
				65C6E2501F038FA6002F9E7F /* NewsView.swift */,

				9BC3E5F11F03961200BF6548 /* News.storyboard */,
				9BC3E5F31F03964700BF6548 /* NewsViewController.swift */,

			);
			path = News;
			sourceTree = "<group>";
		};
		558C9AD11F00FA5B00930655 /* Profile */ = {
			isa = PBXGroup;
			children = (
				9BC3E5F71F03A00400BF6548 /* Profile.storyboard */,
				9BC3E5F91F03A02600BF6548 /* ProfileViewController.swift */,
			);
			path = Profile;
			sourceTree = "<group>";
		};
		558C9AD31F00FA5B00930655 /* Registration */ = {
			isa = PBXGroup;
			children = (

				654F01191F010EC20002D171 /* RegistrationPresenter.swift */,
				654F011B1F010EE60002D171 /* RegistrationView.swift */,

				4990274F1F0113F000D941A7 /* RegistrationViewController.swift */,
				499027511F01140700D941A7 /* Registration.storyboard */,

			);
			path = Registration;
			sourceTree = "<group>";
		};
		558C9AD51F00FA5B00930655 /* Transports */ = {
			isa = PBXGroup;
			children = (
			);
			path = Transports;
			sourceTree = "<group>";
		};
		558C9AEA1F01040A00930655 /* Lessons */ = {
			isa = PBXGroup;
			children = (
				558C9B031F01395900930655 /* LessonsRepository.swift */,
				558C9B071F013C7700930655 /* LessonsInMemoryDatasource.swift */,
				558C9B091F013CD700930655 /* LessonsRepoImpl.swift */,
				558C9B0B1F01477800930655 /* LessonsRestDatasource.swift */,
			);
			path = Lessons;
			sourceTree = "<group>";
		};
		558C9AEC1F01040A00930655 /* Model */ = {
			isa = PBXGroup;
			children = (
				558C9AF81F01043600930655 /* User.swift */,
				65914E0C1F013AF100FD1EB0 /* News.swift */,
				551093B41F01626200E44A07 /* University.swift */,
				558C9B051F01397000930655 /* Lesson.swift */,
			);
			path = Model;
			sourceTree = "<group>";
		};
		558C9AEE1F01040A00930655 /* News */ = {
			isa = PBXGroup;
			children = (
				65914E0E1F013B2800FD1EB0 /* NewsRepository.swift */,
				65914E101F013B5400FD1EB0 /* NewsInMemoryDatasource.swift */,
				65914E121F01423000FD1EB0 /* NewsRepositoryImpl.swift */,
				65C6E2521F03966D002F9E7F /* NewsRestDatasource.swift */,
			);
			path = News;
			sourceTree = "<group>";
		};
		558C9AF01F01040A00930655 /* Users */ = {
			isa = PBXGroup;
			children = (
				558C9AF61F01041C00930655 /* UsersRepository.swift */,
				558C9AFA1F0104AA00930655 /* UsersInMemoryRepo.swift */,
			);
			path = Users;
			sourceTree = "<group>";
		};
		558C9B001F01328800930655 /* User */ = {
			isa = PBXGroup;
			children = (
				558C9B011F01329300930655 /* UserService.swift */,
			);
			path = User;
			sourceTree = "<group>";
		};
		65914E141F015D9B00FD1EB0 /* Localization */ = {
			isa = PBXGroup;
			children = (
				654EC6A21F02536300E930BC /* String.swift */,
				65914E151F015DC400FD1EB0 /* Localizable.strings */,
			);
			path = Localization;
			sourceTree = "<group>";
		};
		65E66C2C1F00EA8D002F87A5 = {
			isa = PBXGroup;
			children = (
				65E66C371F00EA8D002F87A5 /* InUniPn */,
				65E66C361F00EA8D002F87A5 /* Products */,
				4E0188A1AEF7A4D3C6BE18A3 /* Pods */,
				EE2AD8C6D0020FBE7FCF9E7A /* Frameworks */,
			);
			sourceTree = "<group>";
		};
		65E66C361F00EA8D002F87A5 /* Products */ = {
			isa = PBXGroup;
			children = (
				65E66C351F00EA8D002F87A5 /* InUniPn.app */,
			);
			name = Products;
			sourceTree = "<group>";
		};
		65E66C371F00EA8D002F87A5 /* InUniPn */ = {
			isa = PBXGroup;
			children = (
				65914E141F015D9B00FD1EB0 /* Localization */,
				558C9AB21F00ECF400930655 /* Classes */,
				65E66C3C1F00EA8D002F87A5 /* Main.storyboard */,
				65E66C421F00EA8D002F87A5 /* Assets.xcassets */,
				65E66C441F00EA8D002F87A5 /* LaunchScreen.storyboard */,
				65E66C471F00EA8D002F87A5 /* Info.plist */,
				65E66C3F1F00EA8D002F87A5 /* InUniPn.xcdatamodeld */,
			);
			path = InUniPn;
			sourceTree = "<group>";
		};
		65E66C4E1F00EF67002F87A5 /* MVP */ = {
			isa = PBXGroup;
			children = (
				65E66C4F1F00EF87002F87A5 /* BasePresenter.swift */,
				654F010B1F00FF1C0002D171 /* BaseView.swift */,
			);
			path = MVP;
			sourceTree = "<group>";
		};
		EE2AD8C6D0020FBE7FCF9E7A /* Frameworks */ = {
			isa = PBXGroup;
			children = (
				F4F7758E589AF4AACCB16658 /* Pods_InUniPn.framework */,
			);
			name = Frameworks;
			sourceTree = "<group>";
		};
/* End PBXGroup section */

/* Begin PBXNativeTarget section */
		65E66C341F00EA8D002F87A5 /* InUniPn */ = {
			isa = PBXNativeTarget;
			buildConfigurationList = 65E66C4A1F00EA8D002F87A5 /* Build configuration list for PBXNativeTarget "InUniPn" */;
			buildPhases = (
				75F727C2B8A242BB9C97E162 /* [CP] Check Pods Manifest.lock */,
				65E66C311F00EA8D002F87A5 /* Sources */,
				65E66C321F00EA8D002F87A5 /* Frameworks */,
				65E66C331F00EA8D002F87A5 /* Resources */,
				9BBA618FAED9327F9B7602EB /* [CP] Embed Pods Frameworks */,
				98E364E588071FED916A149A /* [CP] Copy Pods Resources */,
				654EC6A11F0252A100E930BC /* ShellScript */,
			);
			buildRules = (
			);
			dependencies = (
			);
			name = InUniPn;
			productName = InUniPn;
			productReference = 65E66C351F00EA8D002F87A5 /* InUniPn.app */;
			productType = "com.apple.product-type.application";
		};
/* End PBXNativeTarget section */

/* Begin PBXProject section */
		65E66C2D1F00EA8D002F87A5 /* Project object */ = {
			isa = PBXProject;
			attributes = {
				LastSwiftUpdateCheck = 0830;
				LastUpgradeCheck = 0830;
				ORGANIZATIONNAME = KDev;
				TargetAttributes = {
					65E66C341F00EA8D002F87A5 = {
						CreatedOnToolsVersion = 8.3.3;
						ProvisioningStyle = Automatic;
					};
				};
			};
			buildConfigurationList = 65E66C301F00EA8D002F87A5 /* Build configuration list for PBXProject "InUniPn" */;
			compatibilityVersion = "Xcode 3.2";
			developmentRegion = English;
			hasScannedForEncodings = 0;
			knownRegions = (
				en,
				Base,
			);
			mainGroup = 65E66C2C1F00EA8D002F87A5;
			productRefGroup = 65E66C361F00EA8D002F87A5 /* Products */;
			projectDirPath = "";
			projectRoot = "";
			targets = (
				65E66C341F00EA8D002F87A5 /* InUniPn */,
			);
		};
/* End PBXProject section */

/* Begin PBXResourcesBuildPhase section */
		65E66C331F00EA8D002F87A5 /* Resources */ = {
			isa = PBXResourcesBuildPhase;
			buildActionMask = 2147483647;
			files = (
				65E66C461F00EA8D002F87A5 /* LaunchScreen.storyboard in Resources */,
				49EC6A461F00F2090071EE12 /* Login.storyboard in Resources */,
				65E66C431F00EA8D002F87A5 /* Assets.xcassets in Resources */,

				499027521F01140700D941A7 /* Registration.storyboard in Resources */,
				9BC3E5F81F03A00400BF6548 /* Profile.storyboard in Resources */,
				65914E161F015DC400FD1EB0 /* Localizable.strings in Resources */,

				9BC3E5F21F03961200BF6548 /* News.storyboard in Resources */,
				558C9ADB1F00FA5B00930655 /* placeholder in Resources */,
				558C9AF21F01040A00930655 /* placeholder in Resources */,
				9B0FC28F1F0149CD000815BB /* Lessons.storyboard in Resources */,

				65E66C3E1F00EA8D002F87A5 /* Main.storyboard in Resources */,
			);
			runOnlyForDeploymentPostprocessing = 0;
		};
/* End PBXResourcesBuildPhase section */

/* Begin PBXShellScriptBuildPhase section */
		654EC6A11F0252A100E930BC /* ShellScript */ = {
			isa = PBXShellScriptBuildPhase;
			buildActionMask = 2147483647;
			files = (
			);
			inputPaths = (
			);
			outputPaths = (
			);
			runOnlyForDeploymentPostprocessing = 0;
			shellPath = /bin/sh;
			shellScript = "\"${PODS_ROOT}/SwiftGen/bin/swiftgen\" strings -t dot-syntax-swift3 \"${PROJECT_DIR}/InUniPn/Localization/Localizable.strings\" -o \"${PROJECT_DIR}/InUniPn/Localization/String.swift\"";
		};
		75F727C2B8A242BB9C97E162 /* [CP] Check Pods Manifest.lock */ = {
			isa = PBXShellScriptBuildPhase;
			buildActionMask = 2147483647;
			files = (
			);
			inputPaths = (
			);
			name = "[CP] Check Pods Manifest.lock";
			outputPaths = (
			);
			runOnlyForDeploymentPostprocessing = 0;
			shellPath = /bin/sh;
			shellScript = "diff \"${PODS_PODFILE_DIR_PATH}/Podfile.lock\" \"${PODS_ROOT}/Manifest.lock\" > /dev/null\nif [ $? != 0 ] ; then\n    # print error to STDERR\n    echo \"error: The sandbox is not in sync with the Podfile.lock. Run 'pod install' or update your CocoaPods installation.\" >&2\n    exit 1\nfi\n";
			showEnvVarsInLog = 0;
		};
		98E364E588071FED916A149A /* [CP] Copy Pods Resources */ = {
			isa = PBXShellScriptBuildPhase;
			buildActionMask = 2147483647;
			files = (
			);
			inputPaths = (
			);
			name = "[CP] Copy Pods Resources";
			outputPaths = (
			);
			runOnlyForDeploymentPostprocessing = 0;
			shellPath = /bin/sh;
			shellScript = "\"${SRCROOT}/Pods/Target Support Files/Pods-InUniPn/Pods-InUniPn-resources.sh\"\n";
			showEnvVarsInLog = 0;
		};
		9BBA618FAED9327F9B7602EB /* [CP] Embed Pods Frameworks */ = {
			isa = PBXShellScriptBuildPhase;
			buildActionMask = 2147483647;
			files = (
			);
			inputPaths = (
			);
			name = "[CP] Embed Pods Frameworks";
			outputPaths = (
			);
			runOnlyForDeploymentPostprocessing = 0;
			shellPath = /bin/sh;
			shellScript = "\"${SRCROOT}/Pods/Target Support Files/Pods-InUniPn/Pods-InUniPn-frameworks.sh\"\n";
			showEnvVarsInLog = 0;
		};
/* End PBXShellScriptBuildPhase section */

/* Begin PBXSourcesBuildPhase section */
		65E66C311F00EA8D002F87A5 /* Sources */ = {
			isa = PBXSourcesBuildPhase;
			buildActionMask = 2147483647;
			files = (
				49EC6A4B1F00F75B0071EE12 /* RoundedBorderButton.swift in Sources */,
				654F011A1F010EC20002D171 /* RegistrationPresenter.swift in Sources */,
				493A5EA51F00FAF6007D5CA9 /* RoundedBorderTextField.swift in Sources */,
				558C9B061F01397000930655 /* Lesson.swift in Sources */,
				654F011C1F010EE60002D171 /* RegistrationView.swift in Sources */,
				654EC6A31F02536300E930BC /* String.swift in Sources */,
				49EC6A421F00EF5A0071EE12 /* LoginViewController.swift in Sources */,
				558C9AC51F00F22D00930655 /* BaseService.swift in Sources */,

				551093C31F0389B800E44A07 /* Addresses.swift in Sources */,
				558C9B021F01329300930655 /* UserService.swift in Sources */,
				65914E0D1F013AF100FD1EB0 /* News.swift in Sources */,
				550EF2B41F03928C00F94A8C /* LessonsService.swift in Sources */,
				558C9ABA1F00ECF400930655 /* ViewController.swift in Sources */,

				558C9ABA1F00ECF400930655 /* TabBarController.swift in Sources */,

				65E66C501F00EF87002F87A5 /* BasePresenter.swift in Sources */,
				558C9ABF1F00EEDD00930655 /* AuthenticationProtocol.swift in Sources */,
				558C9B081F013C7700930655 /* LessonsInMemoryDatasource.swift in Sources */,
				558C9AC31F00F02F00930655 /* FacebookService.swift in Sources */,
				558C9ADD1F00FE7F00930655 /* AuthResponse.swift in Sources */,
				551093B51F01626200E44A07 /* University.swift in Sources */,
				551093BF1F02967200E44A07 /* UniversitiesServices.swift in Sources */,
				558C9B0C1F01477800930655 /* LessonsRestDatasource.swift in Sources */,
				558C9ABD1F00EE0600930655 /* AuthenticationManager.swift in Sources */,
				558C9AC11F00EFB800930655 /* AuthService.swift in Sources */,
				65C6E24F1F038F6B002F9E7F /* NewsPresenter.swift in Sources */,
				551093BC1F01793000E44A07 /* DataResponse.swift in Sources */,
				558C9AB91F00ECF400930655 /* AppDelegate.swift in Sources */,
				65C6E2531F03966D002F9E7F /* NewsRestDatasource.swift in Sources */,
				558C9AF71F01041C00930655 /* UsersRepository.swift in Sources */,
				551093BA1F0162B400E44A07 /* UniversitiesRepoImpl.swift in Sources */,
				558C9AFF1F01304E00930655 /* RestCapable.swift in Sources */,
				558C9B0A1F013CD700930655 /* LessonsRepoImpl.swift in Sources */,
				654F01171F010D7C0002D171 /* LoginPresenter.swift in Sources */,
				65914E0F1F013B2800FD1EB0 /* NewsRepository.swift in Sources */,
				654F010C1F00FF1C0002D171 /* BaseView.swift in Sources */,
				65C6E2511F038FA6002F9E7F /* NewsView.swift in Sources */,
				65E66C411F00EA8D002F87A5 /* InUniPn.xcdatamodeld in Sources */,
				4990274E1F01125200D941A7 /* Extensions.swift in Sources */,
				558C9AFB1F0104AA00930655 /* UsersInMemoryRepo.swift in Sources */,

				65914E111F013B5400FD1EB0 /* NewsInMemoryDatasource.swift in Sources */,
				551093B31F01624500E44A07 /* UniversitiesRepository.swift in Sources */,
				654F01181F010D7C0002D171 /* LoginView.swift in Sources */,
				499027501F0113F000D941A7 /* RegistrationViewController.swift in Sources */,

				9B0FC2911F014B6C000815BB /* LessonsViewController.swift in Sources */,
				654F01181F010D7C0002D171 /* LoginView.swift in Sources */,
				9BC3E5F41F03964700BF6548 /* NewsViewController.swift in Sources */,

				558C9AF91F01043600930655 /* User.swift in Sources */,
				558C9B041F01395900930655 /* LessonsRepository.swift in Sources */,
				9BC3E5FA1F03A02600BF6548 /* ProfileViewController.swift in Sources */,
				558C9AFD1F01054F00930655 /* RepositoryFactory.swift in Sources */,
				65914E131F01423000FD1EB0 /* NewsRepositoryImpl.swift in Sources */,
			);
			runOnlyForDeploymentPostprocessing = 0;
		};
/* End PBXSourcesBuildPhase section */

/* Begin PBXVariantGroup section */
		65E66C3C1F00EA8D002F87A5 /* Main.storyboard */ = {
			isa = PBXVariantGroup;
			children = (
				65E66C3D1F00EA8D002F87A5 /* Base */,
			);
			name = Main.storyboard;
			sourceTree = "<group>";
		};
		65E66C441F00EA8D002F87A5 /* LaunchScreen.storyboard */ = {
			isa = PBXVariantGroup;
			children = (
				65E66C451F00EA8D002F87A5 /* Base */,
			);
			name = LaunchScreen.storyboard;
			sourceTree = "<group>";
		};
/* End PBXVariantGroup section */

/* Begin XCBuildConfiguration section */
		65E66C481F00EA8D002F87A5 /* Debug */ = {
			isa = XCBuildConfiguration;
			buildSettings = {
				ALWAYS_SEARCH_USER_PATHS = NO;
				CLANG_ANALYZER_NONNULL = YES;
				CLANG_ANALYZER_NUMBER_OBJECT_CONVERSION = YES_AGGRESSIVE;
				CLANG_CXX_LANGUAGE_STANDARD = "gnu++0x";
				CLANG_CXX_LIBRARY = "libc++";
				CLANG_ENABLE_MODULES = YES;
				CLANG_ENABLE_OBJC_ARC = YES;
				CLANG_WARN_BOOL_CONVERSION = YES;
				CLANG_WARN_CONSTANT_CONVERSION = YES;
				CLANG_WARN_DIRECT_OBJC_ISA_USAGE = YES_ERROR;
				CLANG_WARN_DOCUMENTATION_COMMENTS = YES;
				CLANG_WARN_EMPTY_BODY = YES;
				CLANG_WARN_ENUM_CONVERSION = YES;
				CLANG_WARN_INFINITE_RECURSION = YES;
				CLANG_WARN_INT_CONVERSION = YES;
				CLANG_WARN_OBJC_ROOT_CLASS = YES_ERROR;
				CLANG_WARN_SUSPICIOUS_MOVE = YES;
				CLANG_WARN_UNREACHABLE_CODE = YES;
				CLANG_WARN__DUPLICATE_METHOD_MATCH = YES;
				"CODE_SIGN_IDENTITY[sdk=iphoneos*]" = "iPhone Developer";
				COPY_PHASE_STRIP = NO;
				DEBUG_INFORMATION_FORMAT = dwarf;
				ENABLE_STRICT_OBJC_MSGSEND = YES;
				ENABLE_TESTABILITY = YES;
				GCC_C_LANGUAGE_STANDARD = gnu99;
				GCC_DYNAMIC_NO_PIC = NO;
				GCC_NO_COMMON_BLOCKS = YES;
				GCC_OPTIMIZATION_LEVEL = 0;
				GCC_PREPROCESSOR_DEFINITIONS = (
					"DEBUG=1",
					"$(inherited)",
				);
				GCC_WARN_64_TO_32_BIT_CONVERSION = YES;
				GCC_WARN_ABOUT_RETURN_TYPE = YES_ERROR;
				GCC_WARN_UNDECLARED_SELECTOR = YES;
				GCC_WARN_UNINITIALIZED_AUTOS = YES_AGGRESSIVE;
				GCC_WARN_UNUSED_FUNCTION = YES;
				GCC_WARN_UNUSED_VARIABLE = YES;
				IPHONEOS_DEPLOYMENT_TARGET = 10.3;
				MTL_ENABLE_DEBUG_INFO = YES;
				ONLY_ACTIVE_ARCH = YES;
				SDKROOT = iphoneos;
				SWIFT_ACTIVE_COMPILATION_CONDITIONS = DEBUG;
				SWIFT_OPTIMIZATION_LEVEL = "-Onone";
			};
			name = Debug;
		};
		65E66C491F00EA8D002F87A5 /* Release */ = {
			isa = XCBuildConfiguration;
			buildSettings = {
				ALWAYS_SEARCH_USER_PATHS = NO;
				CLANG_ANALYZER_NONNULL = YES;
				CLANG_ANALYZER_NUMBER_OBJECT_CONVERSION = YES_AGGRESSIVE;
				CLANG_CXX_LANGUAGE_STANDARD = "gnu++0x";
				CLANG_CXX_LIBRARY = "libc++";
				CLANG_ENABLE_MODULES = YES;
				CLANG_ENABLE_OBJC_ARC = YES;
				CLANG_WARN_BOOL_CONVERSION = YES;
				CLANG_WARN_CONSTANT_CONVERSION = YES;
				CLANG_WARN_DIRECT_OBJC_ISA_USAGE = YES_ERROR;
				CLANG_WARN_DOCUMENTATION_COMMENTS = YES;
				CLANG_WARN_EMPTY_BODY = YES;
				CLANG_WARN_ENUM_CONVERSION = YES;
				CLANG_WARN_INFINITE_RECURSION = YES;
				CLANG_WARN_INT_CONVERSION = YES;
				CLANG_WARN_OBJC_ROOT_CLASS = YES_ERROR;
				CLANG_WARN_SUSPICIOUS_MOVE = YES;
				CLANG_WARN_UNREACHABLE_CODE = YES;
				CLANG_WARN__DUPLICATE_METHOD_MATCH = YES;
				"CODE_SIGN_IDENTITY[sdk=iphoneos*]" = "iPhone Developer";
				COPY_PHASE_STRIP = NO;
				DEBUG_INFORMATION_FORMAT = "dwarf-with-dsym";
				ENABLE_NS_ASSERTIONS = NO;
				ENABLE_STRICT_OBJC_MSGSEND = YES;
				GCC_C_LANGUAGE_STANDARD = gnu99;
				GCC_NO_COMMON_BLOCKS = YES;
				GCC_WARN_64_TO_32_BIT_CONVERSION = YES;
				GCC_WARN_ABOUT_RETURN_TYPE = YES_ERROR;
				GCC_WARN_UNDECLARED_SELECTOR = YES;
				GCC_WARN_UNINITIALIZED_AUTOS = YES_AGGRESSIVE;
				GCC_WARN_UNUSED_FUNCTION = YES;
				GCC_WARN_UNUSED_VARIABLE = YES;
				IPHONEOS_DEPLOYMENT_TARGET = 10.3;
				MTL_ENABLE_DEBUG_INFO = NO;
				SDKROOT = iphoneos;
				SWIFT_OPTIMIZATION_LEVEL = "-Owholemodule";
				VALIDATE_PRODUCT = YES;
			};
			name = Release;
		};
		65E66C4B1F00EA8D002F87A5 /* Debug */ = {
			isa = XCBuildConfiguration;
			baseConfigurationReference = F7763DAC718CF35AD301BBF3 /* Pods-InUniPn.debug.xcconfig */;
			buildSettings = {
				ASSETCATALOG_COMPILER_APPICON_NAME = AppIcon;
				INFOPLIST_FILE = InUniPn/Info.plist;
				LD_RUNPATH_SEARCH_PATHS = "$(inherited) @executable_path/Frameworks";
				PRODUCT_BUNDLE_IDENTIFIER = com.kdev.InUniPn;
				PRODUCT_NAME = "$(TARGET_NAME)";
				SWIFT_VERSION = 3.0;
			};
			name = Debug;
		};
		65E66C4C1F00EA8D002F87A5 /* Release */ = {
			isa = XCBuildConfiguration;
			baseConfigurationReference = 91DA38B91E70341F2C6FB085 /* Pods-InUniPn.release.xcconfig */;
			buildSettings = {
				ASSETCATALOG_COMPILER_APPICON_NAME = AppIcon;
				INFOPLIST_FILE = InUniPn/Info.plist;
				LD_RUNPATH_SEARCH_PATHS = "$(inherited) @executable_path/Frameworks";
				PRODUCT_BUNDLE_IDENTIFIER = com.kdev.InUniPn;
				PRODUCT_NAME = "$(TARGET_NAME)";
				SWIFT_VERSION = 3.0;
			};
			name = Release;
		};
/* End XCBuildConfiguration section */

/* Begin XCConfigurationList section */
		65E66C301F00EA8D002F87A5 /* Build configuration list for PBXProject "InUniPn" */ = {
			isa = XCConfigurationList;
			buildConfigurations = (
				65E66C481F00EA8D002F87A5 /* Debug */,
				65E66C491F00EA8D002F87A5 /* Release */,
			);
			defaultConfigurationIsVisible = 0;
			defaultConfigurationName = Release;
		};
		65E66C4A1F00EA8D002F87A5 /* Build configuration list for PBXNativeTarget "InUniPn" */ = {
			isa = XCConfigurationList;
			buildConfigurations = (
				65E66C4B1F00EA8D002F87A5 /* Debug */,
				65E66C4C1F00EA8D002F87A5 /* Release */,
			);
			defaultConfigurationIsVisible = 0;
			defaultConfigurationName = Release;
		};
/* End XCConfigurationList section */

/* Begin XCVersionGroup section */
		65E66C3F1F00EA8D002F87A5 /* InUniPn.xcdatamodeld */ = {
			isa = XCVersionGroup;
			children = (
				65E66C401F00EA8D002F87A5 /* InUniPn.xcdatamodel */,
			);
			currentVersion = 65E66C401F00EA8D002F87A5 /* InUniPn.xcdatamodel */;
			path = InUniPn.xcdatamodeld;
			sourceTree = "<group>";
			versionGroupType = wrapper.xcdatamodel;
		};
/* End XCVersionGroup section */
	};
	rootObject = 65E66C2D1F00EA8D002F87A5 /* Project object */;
}
