// !$*UTF8*$!
{
	archiveVersion = 1;
	classes = {
	};
	objectVersion = 46;
	objects = {

/* Begin PBXBuildFile section */
		558C9AB91F00ECF400930655 /* AppDelegate.swift in Sources */ = {isa = PBXBuildFile; fileRef = 558C9AB61F00ECF400930655 /* AppDelegate.swift */; };
		558C9ABA1F00ECF400930655 /* ViewController.swift in Sources */ = {isa = PBXBuildFile; fileRef = 558C9AB81F00ECF400930655 /* ViewController.swift */; };
		65E66C3E1F00EA8D002F87A5 /* Main.storyboard in Resources */ = {isa = PBXBuildFile; fileRef = 65E66C3C1F00EA8D002F87A5 /* Main.storyboard */; };
		65E66C411F00EA8D002F87A5 /* InUniPn.xcdatamodeld in Sources */ = {isa = PBXBuildFile; fileRef = 65E66C3F1F00EA8D002F87A5 /* InUniPn.xcdatamodeld */; };
		65E66C431F00EA8D002F87A5 /* Assets.xcassets in Resources */ = {isa = PBXBuildFile; fileRef = 65E66C421F00EA8D002F87A5 /* Assets.xcassets */; };
		65E66C461F00EA8D002F87A5 /* LaunchScreen.storyboard in Resources */ = {isa = PBXBuildFile; fileRef = 65E66C441F00EA8D002F87A5 /* LaunchScreen.storyboard */; };
		65E66C501F00EF87002F87A5 /* BasePresenter.swift in Sources */ = {isa = PBXBuildFile; fileRef = 65E66C4F1F00EF87002F87A5 /* BasePresenter.swift */; };
		65E66C521F00F009002F87A5 /* LoginPresenter.swift in Sources */ = {isa = PBXBuildFile; fileRef = 65E66C511F00F009002F87A5 /* LoginPresenter.swift */; };
/* End PBXBuildFile section */

/* Begin PBXFileReference section */
		558C9AB61F00ECF400930655 /* AppDelegate.swift */ = {isa = PBXFileReference; fileEncoding = 4; lastKnownFileType = sourcecode.swift; path = AppDelegate.swift; sourceTree = "<group>"; };
		558C9AB81F00ECF400930655 /* ViewController.swift */ = {isa = PBXFileReference; fileEncoding = 4; lastKnownFileType = sourcecode.swift; path = ViewController.swift; sourceTree = "<group>"; };
		65E66C351F00EA8D002F87A5 /* InUniPn.app */ = {isa = PBXFileReference; explicitFileType = wrapper.application; includeInIndex = 0; path = InUniPn.app; sourceTree = BUILT_PRODUCTS_DIR; };
		65E66C3D1F00EA8D002F87A5 /* Base */ = {isa = PBXFileReference; lastKnownFileType = file.storyboard; name = Base; path = Base.lproj/Main.storyboard; sourceTree = "<group>"; };
		65E66C401F00EA8D002F87A5 /* InUniPn.xcdatamodel */ = {isa = PBXFileReference; lastKnownFileType = wrapper.xcdatamodel; path = InUniPn.xcdatamodel; sourceTree = "<group>"; };
		65E66C421F00EA8D002F87A5 /* Assets.xcassets */ = {isa = PBXFileReference; lastKnownFileType = folder.assetcatalog; path = Assets.xcassets; sourceTree = "<group>"; };
		65E66C451F00EA8D002F87A5 /* Base */ = {isa = PBXFileReference; lastKnownFileType = file.storyboard; name = Base; path = Base.lproj/LaunchScreen.storyboard; sourceTree = "<group>"; };
		65E66C471F00EA8D002F87A5 /* Info.plist */ = {isa = PBXFileReference; lastKnownFileType = text.plist.xml; path = Info.plist; sourceTree = "<group>"; };
		65E66C4F1F00EF87002F87A5 /* BasePresenter.swift */ = {isa = PBXFileReference; fileEncoding = 4; lastKnownFileType = sourcecode.swift; path = BasePresenter.swift; sourceTree = "<group>"; };
		65E66C511F00F009002F87A5 /* LoginPresenter.swift */ = {isa = PBXFileReference; fileEncoding = 4; lastKnownFileType = sourcecode.swift; path = LoginPresenter.swift; sourceTree = "<group>"; };
/* End PBXFileReference section */

/* Begin PBXFrameworksBuildPhase section */
		65E66C321F00EA8D002F87A5 /* Frameworks */ = {
			isa = PBXFrameworksBuildPhase;
			buildActionMask = 2147483647;
			files = (
			);
			runOnlyForDeploymentPostprocessing = 0;
		};
/* End PBXFrameworksBuildPhase section */

/* Begin PBXGroup section */
		558C9AB21F00ECF400930655 /* Classes */ = {
			isa = PBXGroup;
			children = (
				558C9AB31F00ECF400930655 /* Data */,
				558C9AB41F00ECF400930655 /* Domain */,
				558C9AB51F00ECF400930655 /* UI */,
			);
			path = Classes;
			sourceTree = "<group>";
		};
		558C9AB31F00ECF400930655 /* Data */ = {
			isa = PBXGroup;
			children = (
			);
			path = Data;
			sourceTree = "<group>";
		};
		558C9AB41F00ECF400930655 /* Domain */ = {
			isa = PBXGroup;
			children = (
			);
			path = Domain;
			sourceTree = "<group>";
		};
		558C9AB51F00ECF400930655 /* UI */ = {
			isa = PBXGroup;
			children = (
				65E66C4E1F00EF67002F87A5 /* MVP */,
				65E66C4D1F00EE49002F87A5 /* Login */,
				558C9AB71F00ECF400930655 /* Main */,
				558C9AB61F00ECF400930655 /* AppDelegate.swift */,
			);
			path = UI;
			sourceTree = "<group>";
		};
		558C9AB71F00ECF400930655 /* Main */ = {
			isa = PBXGroup;
			children = (
				558C9AB81F00ECF400930655 /* ViewController.swift */,
			);
			path = Main;
			sourceTree = "<group>";
		};
		65E66C2C1F00EA8D002F87A5 = {
			isa = PBXGroup;
			children = (
				65E66C371F00EA8D002F87A5 /* InUniPn */,
				65E66C361F00EA8D002F87A5 /* Products */,
			);
			sourceTree = "<group>";
		};
		65E66C361F00EA8D002F87A5 /* Products */ = {
			isa = PBXGroup;
			children = (
				65E66C351F00EA8D002F87A5 /* InUniPn.app */,
			);
			name = Products;
			sourceTree = "<group>";
		};
		65E66C371F00EA8D002F87A5 /* InUniPn */ = {
			isa = PBXGroup;
			children = (
				558C9AB21F00ECF400930655 /* Classes */,
				65E66C3C1F00EA8D002F87A5 /* Main.storyboard */,
				65E66C421F00EA8D002F87A5 /* Assets.xcassets */,
				65E66C441F00EA8D002F87A5 /* LaunchScreen.storyboard */,
				65E66C471F00EA8D002F87A5 /* Info.plist */,
				65E66C3F1F00EA8D002F87A5 /* InUniPn.xcdatamodeld */,
			);
			path = InUniPn;
			sourceTree = "<group>";
		};
		65E66C4D1F00EE49002F87A5 /* Login */ = {
			isa = PBXGroup;
			children = (
				65E66C511F00F009002F87A5 /* LoginPresenter.swift */,
			);
			path = Login;
			sourceTree = "<group>";
		};
		65E66C4E1F00EF67002F87A5 /* MVP */ = {
			isa = PBXGroup;
			children = (
				65E66C4F1F00EF87002F87A5 /* BasePresenter.swift */,
			);
			path = MVP;
			sourceTree = "<group>";
		};
/* End PBXGroup section */

/* Begin PBXNativeTarget section */
		65E66C341F00EA8D002F87A5 /* InUniPn */ = {
			isa = PBXNativeTarget;
			buildConfigurationList = 65E66C4A1F00EA8D002F87A5 /* Build configuration list for PBXNativeTarget "InUniPn" */;
			buildPhases = (
				65E66C311F00EA8D002F87A5 /* Sources */,
				65E66C321F00EA8D002F87A5 /* Frameworks */,
				65E66C331F00EA8D002F87A5 /* Resources */,
			);
			buildRules = (
			);
			dependencies = (
			);
			name = InUniPn;
			productName = InUniPn;
			productReference = 65E66C351F00EA8D002F87A5 /* InUniPn.app */;
			productType = "com.apple.product-type.application";
		};
/* End PBXNativeTarget section */

/* Begin PBXProject section */
		65E66C2D1F00EA8D002F87A5 /* Project object */ = {
			isa = PBXProject;
			attributes = {
				LastSwiftUpdateCheck = 0830;
				LastUpgradeCheck = 0830;
				ORGANIZATIONNAME = KDev;
				TargetAttributes = {
					65E66C341F00EA8D002F87A5 = {
						CreatedOnToolsVersion = 8.3.3;
						ProvisioningStyle = Automatic;
					};
				};
			};
			buildConfigurationList = 65E66C301F00EA8D002F87A5 /* Build configuration list for PBXProject "InUniPn" */;
			compatibilityVersion = "Xcode 3.2";
			developmentRegion = English;
			hasScannedForEncodings = 0;
			knownRegions = (
				en,
				Base,
			);
			mainGroup = 65E66C2C1F00EA8D002F87A5;
			productRefGroup = 65E66C361F00EA8D002F87A5 /* Products */;
			projectDirPath = "";
			projectRoot = "";
			targets = (
				65E66C341F00EA8D002F87A5 /* InUniPn */,
			);
		};
/* End PBXProject section */

/* Begin PBXResourcesBuildPhase section */
		65E66C331F00EA8D002F87A5 /* Resources */ = {
			isa = PBXResourcesBuildPhase;
			buildActionMask = 2147483647;
			files = (
				65E66C461F00EA8D002F87A5 /* LaunchScreen.storyboard in Resources */,
				65E66C431F00EA8D002F87A5 /* Assets.xcassets in Resources */,
				65E66C3E1F00EA8D002F87A5 /* Main.storyboard in Resources */,
			);
			runOnlyForDeploymentPostprocessing = 0;
		};
/* End PBXResourcesBuildPhase section */

/* Begin PBXSourcesBuildPhase section */
		65E66C311F00EA8D002F87A5 /* Sources */ = {
			isa = PBXSourcesBuildPhase;
			buildActionMask = 2147483647;
			files = (
				558C9ABA1F00ECF400930655 /* ViewController.swift in Sources */,
				65E66C501F00EF87002F87A5 /* BasePresenter.swift in Sources */,
				558C9AB91F00ECF400930655 /* AppDelegate.swift in Sources */,
				65E66C411F00EA8D002F87A5 /* InUniPn.xcdatamodeld in Sources */,
				65E66C521F00F009002F87A5 /* LoginPresenter.swift in Sources */,
			);
			runOnlyForDeploymentPostprocessing = 0;
		};
/* End PBXSourcesBuildPhase section */

/* Begin PBXVariantGroup section */
		65E66C3C1F00EA8D002F87A5 /* Main.storyboard */ = {
			isa = PBXVariantGroup;
			children = (
				65E66C3D1F00EA8D002F87A5 /* Base */,
			);
			name = Main.storyboard;
			sourceTree = "<group>";
		};
		65E66C441F00EA8D002F87A5 /* LaunchScreen.storyboard */ = {
			isa = PBXVariantGroup;
			children = (
				65E66C451F00EA8D002F87A5 /* Base */,
			);
			name = LaunchScreen.storyboard;
			sourceTree = "<group>";
		};
/* End PBXVariantGroup section */

/* Begin XCBuildConfiguration section */
		65E66C481F00EA8D002F87A5 /* Debug */ = {
			isa = XCBuildConfiguration;
			buildSettings = {
				ALWAYS_SEARCH_USER_PATHS = NO;
				CLANG_ANALYZER_NONNULL = YES;
				CLANG_ANALYZER_NUMBER_OBJECT_CONVERSION = YES_AGGRESSIVE;
				CLANG_CXX_LANGUAGE_STANDARD = "gnu++0x";
				CLANG_CXX_LIBRARY = "libc++";
				CLANG_ENABLE_MODULES = YES;
				CLANG_ENABLE_OBJC_ARC = YES;
				CLANG_WARN_BOOL_CONVERSION = YES;
				CLANG_WARN_CONSTANT_CONVERSION = YES;
				CLANG_WARN_DIRECT_OBJC_ISA_USAGE = YES_ERROR;
				CLANG_WARN_DOCUMENTATION_COMMENTS = YES;
				CLANG_WARN_EMPTY_BODY = YES;
				CLANG_WARN_ENUM_CONVERSION = YES;
				CLANG_WARN_INFINITE_RECURSION = YES;
				CLANG_WARN_INT_CONVERSION = YES;
				CLANG_WARN_OBJC_ROOT_CLASS = YES_ERROR;
				CLANG_WARN_SUSPICIOUS_MOVE = YES;
				CLANG_WARN_UNREACHABLE_CODE = YES;
				CLANG_WARN__DUPLICATE_METHOD_MATCH = YES;
				"CODE_SIGN_IDENTITY[sdk=iphoneos*]" = "iPhone Developer";
				COPY_PHASE_STRIP = NO;
				DEBUG_INFORMATION_FORMAT = dwarf;
				ENABLE_STRICT_OBJC_MSGSEND = YES;
				ENABLE_TESTABILITY = YES;
				GCC_C_LANGUAGE_STANDARD = gnu99;
				GCC_DYNAMIC_NO_PIC = NO;
				GCC_NO_COMMON_BLOCKS = YES;
				GCC_OPTIMIZATION_LEVEL = 0;
				GCC_PREPROCESSOR_DEFINITIONS = (
					"DEBUG=1",
					"$(inherited)",
				);
				GCC_WARN_64_TO_32_BIT_CONVERSION = YES;
				GCC_WARN_ABOUT_RETURN_TYPE = YES_ERROR;
				GCC_WARN_UNDECLARED_SELECTOR = YES;
				GCC_WARN_UNINITIALIZED_AUTOS = YES_AGGRESSIVE;
				GCC_WARN_UNUSED_FUNCTION = YES;
				GCC_WARN_UNUSED_VARIABLE = YES;
				IPHONEOS_DEPLOYMENT_TARGET = 10.3;
				MTL_ENABLE_DEBUG_INFO = YES;
				ONLY_ACTIVE_ARCH = YES;
				SDKROOT = iphoneos;
				SWIFT_ACTIVE_COMPILATION_CONDITIONS = DEBUG;
				SWIFT_OPTIMIZATION_LEVEL = "-Onone";
			};
			name = Debug;
		};
		65E66C491F00EA8D002F87A5 /* Release */ = {
			isa = XCBuildConfiguration;
			buildSettings = {
				ALWAYS_SEARCH_USER_PATHS = NO;
				CLANG_ANALYZER_NONNULL = YES;
				CLANG_ANALYZER_NUMBER_OBJECT_CONVERSION = YES_AGGRESSIVE;
				CLANG_CXX_LANGUAGE_STANDARD = "gnu++0x";
				CLANG_CXX_LIBRARY = "libc++";
				CLANG_ENABLE_MODULES = YES;
				CLANG_ENABLE_OBJC_ARC = YES;
				CLANG_WARN_BOOL_CONVERSION = YES;
				CLANG_WARN_CONSTANT_CONVERSION = YES;
				CLANG_WARN_DIRECT_OBJC_ISA_USAGE = YES_ERROR;
				CLANG_WARN_DOCUMENTATION_COMMENTS = YES;
				CLANG_WARN_EMPTY_BODY = YES;
				CLANG_WARN_ENUM_CONVERSION = YES;
				CLANG_WARN_INFINITE_RECURSION = YES;
				CLANG_WARN_INT_CONVERSION = YES;
				CLANG_WARN_OBJC_ROOT_CLASS = YES_ERROR;
				CLANG_WARN_SUSPICIOUS_MOVE = YES;
				CLANG_WARN_UNREACHABLE_CODE = YES;
				CLANG_WARN__DUPLICATE_METHOD_MATCH = YES;
				"CODE_SIGN_IDENTITY[sdk=iphoneos*]" = "iPhone Developer";
				COPY_PHASE_STRIP = NO;
				DEBUG_INFORMATION_FORMAT = "dwarf-with-dsym";
				ENABLE_NS_ASSERTIONS = NO;
				ENABLE_STRICT_OBJC_MSGSEND = YES;
				GCC_C_LANGUAGE_STANDARD = gnu99;
				GCC_NO_COMMON_BLOCKS = YES;
				GCC_WARN_64_TO_32_BIT_CONVERSION = YES;
				GCC_WARN_ABOUT_RETURN_TYPE = YES_ERROR;
				GCC_WARN_UNDECLARED_SELECTOR = YES;
				GCC_WARN_UNINITIALIZED_AUTOS = YES_AGGRESSIVE;
				GCC_WARN_UNUSED_FUNCTION = YES;
				GCC_WARN_UNUSED_VARIABLE = YES;
				IPHONEOS_DEPLOYMENT_TARGET = 10.3;
				MTL_ENABLE_DEBUG_INFO = NO;
				SDKROOT = iphoneos;
				SWIFT_OPTIMIZATION_LEVEL = "-Owholemodule";
				VALIDATE_PRODUCT = YES;
			};
			name = Release;
		};
		65E66C4B1F00EA8D002F87A5 /* Debug */ = {
			isa = XCBuildConfiguration;
			buildSettings = {
				ASSETCATALOG_COMPILER_APPICON_NAME = AppIcon;
				INFOPLIST_FILE = InUniPn/Info.plist;
				LD_RUNPATH_SEARCH_PATHS = "$(inherited) @executable_path/Frameworks";
				PRODUCT_BUNDLE_IDENTIFIER = com.kdev.InUniPn;
				PRODUCT_NAME = "$(TARGET_NAME)";
				SWIFT_VERSION = 3.0;
			};
			name = Debug;
		};
		65E66C4C1F00EA8D002F87A5 /* Release */ = {
			isa = XCBuildConfiguration;
			buildSettings = {
				ASSETCATALOG_COMPILER_APPICON_NAME = AppIcon;
				INFOPLIST_FILE = InUniPn/Info.plist;
				LD_RUNPATH_SEARCH_PATHS = "$(inherited) @executable_path/Frameworks";
				PRODUCT_BUNDLE_IDENTIFIER = com.kdev.InUniPn;
				PRODUCT_NAME = "$(TARGET_NAME)";
				SWIFT_VERSION = 3.0;
			};
			name = Release;
		};
/* End XCBuildConfiguration section */

/* Begin XCConfigurationList section */
		65E66C301F00EA8D002F87A5 /* Build configuration list for PBXProject "InUniPn" */ = {
			isa = XCConfigurationList;
			buildConfigurations = (
				65E66C481F00EA8D002F87A5 /* Debug */,
				65E66C491F00EA8D002F87A5 /* Release */,
			);
			defaultConfigurationIsVisible = 0;
			defaultConfigurationName = Release;
		};
		65E66C4A1F00EA8D002F87A5 /* Build configuration list for PBXNativeTarget "InUniPn" */ = {
			isa = XCConfigurationList;
			buildConfigurations = (
				65E66C4B1F00EA8D002F87A5 /* Debug */,
				65E66C4C1F00EA8D002F87A5 /* Release */,
			);
			defaultConfigurationIsVisible = 0;
			defaultConfigurationName = Release;
		};
/* End XCConfigurationList section */

/* Begin XCVersionGroup section */
		65E66C3F1F00EA8D002F87A5 /* InUniPn.xcdatamodeld */ = {
			isa = XCVersionGroup;
			children = (
				65E66C401F00EA8D002F87A5 /* InUniPn.xcdatamodel */,
			);
			currentVersion = 65E66C401F00EA8D002F87A5 /* InUniPn.xcdatamodel */;
			path = InUniPn.xcdatamodeld;
			sourceTree = "<group>";
			versionGroupType = wrapper.xcdatamodel;
		};
/* End XCVersionGroup section */
	};
	rootObject = 65E66C2D1F00EA8D002F87A5 /* Project object */;
}
